
Microsoft Visual Studio Solution File, Format Version 12.00
# Visual Studio Version 16
VisualStudioVersion = 16.0.28803.156
MinimumVisualStudioVersion = 10.0.40219.1
Project("{FAE04EC0-301F-11D3-BF4B-00C04F79EFBC}") = "EntryUnfocus.UWP", "EntryUnfocus\EntryUnfocus.UWP\EntryUnfocus.UWP.csproj", "{12984D9E-BCAE-4576-AEC4-918EB0C90181}"
EndProject
Project("{9A19103F-16F7-4668-BE54-9A1E7A4F7556}") = "EntryUnfocus", "EntryUnfocus\EntryUnfocus\EntryUnfocus.csproj", "{8061BE24-55F8-4906-954B-2F7BCC0E5334}"
EndProject
Project("{FAE04EC0-301F-11D3-BF4B-00C04F79EFBC}") = "EntryUnfocus.WPF", "EntryUnfocus.WPF\EntryUnfocus.WPF.csproj", "{B72D92F8-E933-4512-B87A-E51D18D3B859}"
EndProject
Global
	GlobalSection(SolutionConfigurationPlatforms) = preSolution
		Ad-Hoc|Any CPU = Ad-Hoc|Any CPU
		Ad-Hoc|ARM = Ad-Hoc|ARM
		Ad-Hoc|iPhone = Ad-Hoc|iPhone
		Ad-Hoc|iPhoneSimulator = Ad-Hoc|iPhoneSimulator
		Ad-Hoc|x64 = Ad-Hoc|x64
		Ad-Hoc|x86 = Ad-Hoc|x86
		AppStore|Any CPU = AppStore|Any CPU
		AppStore|ARM = AppStore|ARM
		AppStore|iPhone = AppStore|iPhone
		AppStore|iPhoneSimulator = AppStore|iPhoneSimulator
		AppStore|x64 = AppStore|x64
		AppStore|x86 = AppStore|x86
		Debug|Any CPU = Debug|Any CPU
		Debug|ARM = Debug|ARM
		Debug|iPhone = Debug|iPhone
		Debug|iPhoneSimulator = Debug|iPhoneSimulator
		Debug|x64 = Debug|x64
		Debug|x86 = Debug|x86
		Release|Any CPU = Release|Any CPU
		Release|ARM = Release|ARM
		Release|iPhone = Release|iPhone
		Release|iPhoneSimulator = Release|iPhoneSimulator
		Release|x64 = Release|x64
		Release|x86 = Release|x86
	EndGlobalSection
	GlobalSection(ProjectConfigurationPlatforms) = postSolution
		{12984D9E-BCAE-4576-AEC4-918EB0C90181}.Ad-Hoc|Any CPU.ActiveCfg = Release|x86
		{12984D9E-BCAE-4576-AEC4-918EB0C90181}.Ad-Hoc|Any CPU.Build.0 = Release|x86
		{12984D9E-BCAE-4576-AEC4-918EB0C90181}.Ad-Hoc|Any CPU.Deploy.0 = Release|x86
		{12984D9E-BCAE-4576-AEC4-918EB0C90181}.Ad-Hoc|ARM.ActiveCfg = Release|ARM
		{12984D9E-BCAE-4576-AEC4-918EB0C90181}.Ad-Hoc|ARM.Build.0 = Release|ARM
		{12984D9E-BCAE-4576-AEC4-918EB0C90181}.Ad-Hoc|ARM.Deploy.0 = Release|ARM
		{12984D9E-BCAE-4576-AEC4-918EB0C90181}.Ad-Hoc|iPhone.ActiveCfg = Release|x86
		{12984D9E-BCAE-4576-AEC4-918EB0C90181}.Ad-Hoc|iPhone.Build.0 = Release|x86
		{12984D9E-BCAE-4576-AEC4-918EB0C90181}.Ad-Hoc|iPhone.Deploy.0 = Release|x86
		{12984D9E-BCAE-4576-AEC4-918EB0C90181}.Ad-Hoc|iPhoneSimulator.ActiveCfg = Release|x86
		{12984D9E-BCAE-4576-AEC4-918EB0C90181}.Ad-Hoc|iPhoneSimulator.Build.0 = Release|x86
		{12984D9E-BCAE-4576-AEC4-918EB0C90181}.Ad-Hoc|iPhoneSimulator.Deploy.0 = Release|x86
		{12984D9E-BCAE-4576-AEC4-918EB0C90181}.Ad-Hoc|x64.ActiveCfg = Release|x64
		{12984D9E-BCAE-4576-AEC4-918EB0C90181}.Ad-Hoc|x64.Build.0 = Release|x64
		{12984D9E-BCAE-4576-AEC4-918EB0C90181}.Ad-Hoc|x64.Deploy.0 = Release|x64
		{12984D9E-BCAE-4576-AEC4-918EB0C90181}.Ad-Hoc|x86.ActiveCfg = Release|x86
		{12984D9E-BCAE-4576-AEC4-918EB0C90181}.Ad-Hoc|x86.Build.0 = Release|x86
		{12984D9E-BCAE-4576-AEC4-918EB0C90181}.Ad-Hoc|x86.Deploy.0 = Release|x86
		{12984D9E-BCAE-4576-AEC4-918EB0C90181}.AppStore|Any CPU.ActiveCfg = Release|x86
		{12984D9E-BCAE-4576-AEC4-918EB0C90181}.AppStore|Any CPU.Build.0 = Release|x86
		{12984D9E-BCAE-4576-AEC4-918EB0C90181}.AppStore|Any CPU.Deploy.0 = Release|x86
		{12984D9E-BCAE-4576-AEC4-918EB0C90181}.AppStore|ARM.ActiveCfg = Release|ARM
		{12984D9E-BCAE-4576-AEC4-918EB0C90181}.AppStore|ARM.Build.0 = Release|ARM
		{12984D9E-BCAE-4576-AEC4-918EB0C90181}.AppStore|ARM.Deploy.0 = Release|ARM
		{12984D9E-BCAE-4576-AEC4-918EB0C90181}.AppStore|iPhone.ActiveCfg = Release|x86
		{12984D9E-BCAE-4576-AEC4-918EB0C90181}.AppStore|iPhone.Build.0 = Release|x86
		{12984D9E-BCAE-4576-AEC4-918EB0C90181}.AppStore|iPhone.Deploy.0 = Release|x86
		{12984D9E-BCAE-4576-AEC4-918EB0C90181}.AppStore|iPhoneSimulator.ActiveCfg = Release|x86
		{12984D9E-BCAE-4576-AEC4-918EB0C90181}.AppStore|iPhoneSimulator.Build.0 = Release|x86
		{12984D9E-BCAE-4576-AEC4-918EB0C90181}.AppStore|iPhoneSimulator.Deploy.0 = Release|x86
		{12984D9E-BCAE-4576-AEC4-918EB0C90181}.AppStore|x64.ActiveCfg = Release|x64
		{12984D9E-BCAE-4576-AEC4-918EB0C90181}.AppStore|x64.Build.0 = Release|x64
		{12984D9E-BCAE-4576-AEC4-918EB0C90181}.AppStore|x64.Deploy.0 = Release|x64
		{12984D9E-BCAE-4576-AEC4-918EB0C90181}.AppStore|x86.ActiveCfg = Release|x86
		{12984D9E-BCAE-4576-AEC4-918EB0C90181}.AppStore|x86.Build.0 = Release|x86
		{12984D9E-BCAE-4576-AEC4-918EB0C90181}.AppStore|x86.Deploy.0 = Release|x86
		{12984D9E-BCAE-4576-AEC4-918EB0C90181}.Debug|Any CPU.ActiveCfg = Debug|x86
		{12984D9E-BCAE-4576-AEC4-918EB0C90181}.Debug|Any CPU.Build.0 = Debug|x86
		{12984D9E-BCAE-4576-AEC4-918EB0C90181}.Debug|Any CPU.Deploy.0 = Debug|x86
		{12984D9E-BCAE-4576-AEC4-918EB0C90181}.Debug|ARM.ActiveCfg = Debug|ARM
		{12984D9E-BCAE-4576-AEC4-918EB0C90181}.Debug|ARM.Build.0 = Debug|ARM
		{12984D9E-BCAE-4576-AEC4-918EB0C90181}.Debug|ARM.Deploy.0 = Debug|ARM
		{12984D9E-BCAE-4576-AEC4-918EB0C90181}.Debug|iPhone.ActiveCfg = Debug|x86
		{12984D9E-BCAE-4576-AEC4-918EB0C90181}.Debug|iPhone.Build.0 = Debug|x86
		{12984D9E-BCAE-4576-AEC4-918EB0C90181}.Debug|iPhone.Deploy.0 = Debug|x86
		{12984D9E-BCAE-4576-AEC4-918EB0C90181}.Debug|iPhoneSimulator.ActiveCfg = Debug|x86
		{12984D9E-BCAE-4576-AEC4-918EB0C90181}.Debug|iPhoneSimulator.Build.0 = Debug|x86
		{12984D9E-BCAE-4576-AEC4-918EB0C90181}.Debug|iPhoneSimulator.Deploy.0 = Debug|x86
		{12984D9E-BCAE-4576-AEC4-918EB0C90181}.Debug|x64.ActiveCfg = Debug|x64
		{12984D9E-BCAE-4576-AEC4-918EB0C90181}.Debug|x64.Build.0 = Debug|x64
		{12984D9E-BCAE-4576-AEC4-918EB0C90181}.Debug|x64.Deploy.0 = Debug|x64
		{12984D9E-BCAE-4576-AEC4-918EB0C90181}.Debug|x86.ActiveCfg = Debug|x86
		{12984D9E-BCAE-4576-AEC4-918EB0C90181}.Debug|x86.Build.0 = Debug|x86
		{12984D9E-BCAE-4576-AEC4-918EB0C90181}.Debug|x86.Deploy.0 = Debug|x86
		{12984D9E-BCAE-4576-AEC4-918EB0C90181}.Release|Any CPU.ActiveCfg = Release|x86
		{12984D9E-BCAE-4576-AEC4-918EB0C90181}.Release|Any CPU.Build.0 = Release|x86
		{12984D9E-BCAE-4576-AEC4-918EB0C90181}.Release|Any CPU.Deploy.0 = Release|x86
		{12984D9E-BCAE-4576-AEC4-918EB0C90181}.Release|ARM.ActiveCfg = Release|ARM
		{12984D9E-BCAE-4576-AEC4-918EB0C90181}.Release|ARM.Build.0 = Release|ARM
		{12984D9E-BCAE-4576-AEC4-918EB0C90181}.Release|ARM.Deploy.0 = Release|ARM
		{12984D9E-BCAE-4576-AEC4-918EB0C90181}.Release|iPhone.ActiveCfg = Release|x86
		{12984D9E-BCAE-4576-AEC4-918EB0C90181}.Release|iPhone.Build.0 = Release|x86
		{12984D9E-BCAE-4576-AEC4-918EB0C90181}.Release|iPhone.Deploy.0 = Release|x86
		{12984D9E-BCAE-4576-AEC4-918EB0C90181}.Release|iPhoneSimulator.ActiveCfg = Release|x86
		{12984D9E-BCAE-4576-AEC4-918EB0C90181}.Release|iPhoneSimulator.Build.0 = Release|x86
		{12984D9E-BCAE-4576-AEC4-918EB0C90181}.Release|iPhoneSimulator.Deploy.0 = Release|x86
		{12984D9E-BCAE-4576-AEC4-918EB0C90181}.Release|x64.ActiveCfg = Release|x64
		{12984D9E-BCAE-4576-AEC4-918EB0C90181}.Release|x64.Build.0 = Release|x64
		{12984D9E-BCAE-4576-AEC4-918EB0C90181}.Release|x64.Deploy.0 = Release|x64
		{12984D9E-BCAE-4576-AEC4-918EB0C90181}.Release|x86.ActiveCfg = Release|x86
		{12984D9E-BCAE-4576-AEC4-918EB0C90181}.Release|x86.Build.0 = Release|x86
		{12984D9E-BCAE-4576-AEC4-918EB0C90181}.Release|x86.Deploy.0 = Release|x86
		{8061BE24-55F8-4906-954B-2F7BCC0E5334}.Ad-Hoc|Any CPU.ActiveCfg = Debug|Any CPU
		{8061BE24-55F8-4906-954B-2F7BCC0E5334}.Ad-Hoc|Any CPU.Build.0 = Debug|Any CPU
		{8061BE24-55F8-4906-954B-2F7BCC0E5334}.Ad-Hoc|Any CPU.Deploy.0 = Debug|Any CPU
		{8061BE24-55F8-4906-954B-2F7BCC0E5334}.Ad-Hoc|ARM.ActiveCfg = Debug|Any CPU
		{8061BE24-55F8-4906-954B-2F7BCC0E5334}.Ad-Hoc|ARM.Build.0 = Debug|Any CPU
		{8061BE24-55F8-4906-954B-2F7BCC0E5334}.Ad-Hoc|ARM.Deploy.0 = Debug|Any CPU
		{8061BE24-55F8-4906-954B-2F7BCC0E5334}.Ad-Hoc|iPhone.ActiveCfg = Debug|Any CPU
		{8061BE24-55F8-4906-954B-2F7BCC0E5334}.Ad-Hoc|iPhone.Build.0 = Debug|Any CPU
		{8061BE24-55F8-4906-954B-2F7BCC0E5334}.Ad-Hoc|iPhone.Deploy.0 = Debug|Any CPU
		{8061BE24-55F8-4906-954B-2F7BCC0E5334}.Ad-Hoc|iPhoneSimulator.ActiveCfg = Debug|Any CPU
		{8061BE24-55F8-4906-954B-2F7BCC0E5334}.Ad-Hoc|iPhoneSimulator.Build.0 = Debug|Any CPU
		{8061BE24-55F8-4906-954B-2F7BCC0E5334}.Ad-Hoc|iPhoneSimulator.Deploy.0 = Debug|Any CPU
		{8061BE24-55F8-4906-954B-2F7BCC0E5334}.Ad-Hoc|x64.ActiveCfg = Debug|Any CPU
		{8061BE24-55F8-4906-954B-2F7BCC0E5334}.Ad-Hoc|x64.Build.0 = Debug|Any CPU
		{8061BE24-55F8-4906-954B-2F7BCC0E5334}.Ad-Hoc|x64.Deploy.0 = Debug|Any CPU
		{8061BE24-55F8-4906-954B-2F7BCC0E5334}.Ad-Hoc|x86.ActiveCfg = Debug|Any CPU
		{8061BE24-55F8-4906-954B-2F7BCC0E5334}.Ad-Hoc|x86.Build.0 = Debug|Any CPU
		{8061BE24-55F8-4906-954B-2F7BCC0E5334}.Ad-Hoc|x86.Deploy.0 = Debug|Any CPU
		{8061BE24-55F8-4906-954B-2F7BCC0E5334}.AppStore|Any CPU.ActiveCfg = Debug|Any CPU
		{8061BE24-55F8-4906-954B-2F7BCC0E5334}.AppStore|Any CPU.Build.0 = Debug|Any CPU
		{8061BE24-55F8-4906-954B-2F7BCC0E5334}.AppStore|Any CPU.Deploy.0 = Debug|Any CPU
		{8061BE24-55F8-4906-954B-2F7BCC0E5334}.AppStore|ARM.ActiveCfg = Debug|Any CPU
		{8061BE24-55F8-4906-954B-2F7BCC0E5334}.AppStore|ARM.Build.0 = Debug|Any CPU
		{8061BE24-55F8-4906-954B-2F7BCC0E5334}.AppStore|ARM.Deploy.0 = Debug|Any CPU
		{8061BE24-55F8-4906-954B-2F7BCC0E5334}.AppStore|iPhone.ActiveCfg = Debug|Any CPU
		{8061BE24-55F8-4906-954B-2F7BCC0E5334}.AppStore|iPhone.Build.0 = Debug|Any CPU
		{8061BE24-55F8-4906-954B-2F7BCC0E5334}.AppStore|iPhone.Deploy.0 = Debug|Any CPU
		{8061BE24-55F8-4906-954B-2F7BCC0E5334}.AppStore|iPhoneSimulator.ActiveCfg = Debug|Any CPU
		{8061BE24-55F8-4906-954B-2F7BCC0E5334}.AppStore|iPhoneSimulator.Build.0 = Debug|Any CPU
		{8061BE24-55F8-4906-954B-2F7BCC0E5334}.AppStore|iPhoneSimulator.Deploy.0 = Debug|Any CPU
		{8061BE24-55F8-4906-954B-2F7BCC0E5334}.AppStore|x64.ActiveCfg = Debug|Any CPU
		{8061BE24-55F8-4906-954B-2F7BCC0E5334}.AppStore|x64.Build.0 = Debug|Any CPU
		{8061BE24-55F8-4906-954B-2F7BCC0E5334}.AppStore|x64.Deploy.0 = Debug|Any CPU
		{8061BE24-55F8-4906-954B-2F7BCC0E5334}.AppStore|x86.ActiveCfg = Debug|Any CPU
		{8061BE24-55F8-4906-954B-2F7BCC0E5334}.AppStore|x86.Build.0 = Debug|Any CPU
		{8061BE24-55F8-4906-954B-2F7BCC0E5334}.AppStore|x86.Deploy.0 = Debug|Any CPU
		{8061BE24-55F8-4906-954B-2F7BCC0E5334}.Debug|Any CPU.ActiveCfg = Debug|Any CPU
		{8061BE24-55F8-4906-954B-2F7BCC0E5334}.Debug|Any CPU.Build.0 = Debug|Any CPU
		{8061BE24-55F8-4906-954B-2F7BCC0E5334}.Debug|Any CPU.Deploy.0 = Debug|Any CPU
		{8061BE24-55F8-4906-954B-2F7BCC0E5334}.Debug|ARM.ActiveCfg = Debug|Any CPU
		{8061BE24-55F8-4906-954B-2F7BCC0E5334}.Debug|ARM.Build.0 = Debug|Any CPU
		{8061BE24-55F8-4906-954B-2F7BCC0E5334}.Debug|ARM.Deploy.0 = Debug|Any CPU
		{8061BE24-55F8-4906-954B-2F7BCC0E5334}.Debug|iPhone.ActiveCfg = Debug|Any CPU
		{8061BE24-55F8-4906-954B-2F7BCC0E5334}.Debug|iPhone.Build.0 = Debug|Any CPU
		{8061BE24-55F8-4906-954B-2F7BCC0E5334}.Debug|iPhone.Deploy.0 = Debug|Any CPU
		{8061BE24-55F8-4906-954B-2F7BCC0E5334}.Debug|iPhoneSimulator.ActiveCfg = Debug|Any CPU
		{8061BE24-55F8-4906-954B-2F7BCC0E5334}.Debug|iPhoneSimulator.Build.0 = Debug|Any CPU
		{8061BE24-55F8-4906-954B-2F7BCC0E5334}.Debug|iPhoneSimulator.Deploy.0 = Debug|Any CPU
		{8061BE24-55F8-4906-954B-2F7BCC0E5334}.Debug|x64.ActiveCfg = Debug|Any CPU
		{8061BE24-55F8-4906-954B-2F7BCC0E5334}.Debug|x64.Build.0 = Debug|Any CPU
		{8061BE24-55F8-4906-954B-2F7BCC0E5334}.Debug|x64.Deploy.0 = Debug|Any CPU
		{8061BE24-55F8-4906-954B-2F7BCC0E5334}.Debug|x86.ActiveCfg = Debug|Any CPU
		{8061BE24-55F8-4906-954B-2F7BCC0E5334}.Debug|x86.Build.0 = Debug|Any CPU
		{8061BE24-55F8-4906-954B-2F7BCC0E5334}.Debug|x86.Deploy.0 = Debug|Any CPU
		{8061BE24-55F8-4906-954B-2F7BCC0E5334}.Release|Any CPU.ActiveCfg = Release|Any CPU
		{8061BE24-55F8-4906-954B-2F7BCC0E5334}.Release|Any CPU.Build.0 = Release|Any CPU
		{8061BE24-55F8-4906-954B-2F7BCC0E5334}.Release|Any CPU.Deploy.0 = Release|Any CPU
		{8061BE24-55F8-4906-954B-2F7BCC0E5334}.Release|ARM.ActiveCfg = Release|Any CPU
		{8061BE24-55F8-4906-954B-2F7BCC0E5334}.Release|ARM.Build.0 = Release|Any CPU
		{8061BE24-55F8-4906-954B-2F7BCC0E5334}.Release|ARM.Deploy.0 = Release|Any CPU
		{8061BE24-55F8-4906-954B-2F7BCC0E5334}.Release|iPhone.ActiveCfg = Release|Any CPU
		{8061BE24-55F8-4906-954B-2F7BCC0E5334}.Release|iPhone.Build.0 = Release|Any CPU
		{8061BE24-55F8-4906-954B-2F7BCC0E5334}.Release|iPhone.Deploy.0 = Release|Any CPU
		{8061BE24-55F8-4906-954B-2F7BCC0E5334}.Release|iPhoneSimulator.ActiveCfg = Release|Any CPU
		{8061BE24-55F8-4906-954B-2F7BCC0E5334}.Release|iPhoneSimulator.Build.0 = Release|Any CPU
		{8061BE24-55F8-4906-954B-2F7BCC0E5334}.Release|iPhoneSimulator.Deploy.0 = Release|Any CPU
		{8061BE24-55F8-4906-954B-2F7BCC0E5334}.Release|x64.ActiveCfg = Release|Any CPU
		{8061BE24-55F8-4906-954B-2F7BCC0E5334}.Release|x64.Build.0 = Release|Any CPU
		{8061BE24-55F8-4906-954B-2F7BCC0E5334}.Release|x64.Deploy.0 = Release|Any CPU
		{8061BE24-55F8-4906-954B-2F7BCC0E5334}.Release|x86.ActiveCfg = Release|Any CPU
		{8061BE24-55F8-4906-954B-2F7BCC0E5334}.Release|x86.Build.0 = Release|Any CPU
		{8061BE24-55F8-4906-954B-2F7BCC0E5334}.Release|x86.Deploy.0 = Release|Any CPU
		{B72D92F8-E933-4512-B87A-E51D18D3B859}.Ad-Hoc|Any CPU.ActiveCfg = Release|Any CPU
		{B72D92F8-E933-4512-B87A-E51D18D3B859}.Ad-Hoc|Any CPU.Build.0 = Release|Any CPU
		{B72D92F8-E933-4512-B87A-E51D18D3B859}.Ad-Hoc|ARM.ActiveCfg = Release|Any CPU
		{B72D92F8-E933-4512-B87A-E51D18D3B859}.Ad-Hoc|ARM.Build.0 = Release|Any CPU
		{B72D92F8-E933-4512-B87A-E51D18D3B859}.Ad-Hoc|iPhone.ActiveCfg = Release|Any CPU
		{B72D92F8-E933-4512-B87A-E51D18D3B859}.Ad-Hoc|iPhone.Build.0 = Release|Any CPU
		{B72D92F8-E933-4512-B87A-E51D18D3B859}.Ad-Hoc|iPhoneSimulator.ActiveCfg = Release|Any CPU
		{B72D92F8-E933-4512-B87A-E51D18D3B859}.Ad-Hoc|iPhoneSimulator.Build.0 = Release|Any CPU
		{B72D92F8-E933-4512-B87A-E51D18D3B859}.Ad-Hoc|x64.ActiveCfg = Release|Any CPU
		{B72D92F8-E933-4512-B87A-E51D18D3B859}.Ad-Hoc|x64.Build.0 = Release|Any CPU
		{B72D92F8-E933-4512-B87A-E51D18D3B859}.Ad-Hoc|x86.ActiveCfg = Release|Any CPU
		{B72D92F8-E933-4512-B87A-E51D18D3B859}.Ad-Hoc|x86.Build.0 = Release|Any CPU
		{B72D92F8-E933-4512-B87A-E51D18D3B859}.AppStore|Any CPU.ActiveCfg = Release|Any CPU
		{B72D92F8-E933-4512-B87A-E51D18D3B859}.AppStore|Any CPU.Build.0 = Release|Any CPU
		{B72D92F8-E933-4512-B87A-E51D18D3B859}.AppStore|ARM.ActiveCfg = Release|Any CPU
		{B72D92F8-E933-4512-B87A-E51D18D3B859}.AppStore|ARM.Build.0 = Release|Any CPU
		{B72D92F8-E933-4512-B87A-E51D18D3B859}.AppStore|iPhone.ActiveCfg = Release|Any CPU
		{B72D92F8-E933-4512-B87A-E51D18D3B859}.AppStore|iPhone.Build.0 = Release|Any CPU
		{B72D92F8-E933-4512-B87A-E51D18D3B859}.AppStore|iPhoneSimulator.ActiveCfg = Release|Any CPU
		{B72D92F8-E933-4512-B87A-E51D18D3B859}.AppStore|iPhoneSimulator.Build.0 = Release|Any CPU
		{B72D92F8-E933-4512-B87A-E51D18D3B859}.AppStore|x64.ActiveCfg = Release|Any CPU
		{B72D92F8-E933-4512-B87A-E51D18D3B859}.AppStore|x64.Build.0 = Release|Any CPU
		{B72D92F8-E933-4512-B87A-E51D18D3B859}.AppStore|x86.ActiveCfg = Release|Any CPU
		{B72D92F8-E933-4512-B87A-E51D18D3B859}.AppStore|x86.Build.0 = Release|Any CPU
		{B72D92F8-E933-4512-B87A-E51D18D3B859}.Debug|Any CPU.ActiveCfg = Debug|Any CPU
		{B72D92F8-E933-4512-B87A-E51D18D3B859}.Debug|Any CPU.Build.0 = Debug|Any CPU
		{B72D92F8-E933-4512-B87A-E51D18D3B859}.Debug|ARM.ActiveCfg = Debug|Any CPU
		{B72D92F8-E933-4512-B87A-E51D18D3B859}.Debug|ARM.Build.0 = Debug|Any CPU
		{B72D92F8-E933-4512-B87A-E51D18D3B859}.Debug|iPhone.ActiveCfg = Debug|Any CPU
		{B72D92F8-E933-4512-B87A-E51D18D3B859}.Debug|iPhone.Build.0 = Debug|Any CPU
		{B72D92F8-E933-4512-B87A-E51D18D3B859}.Debug|iPhoneSimulator.ActiveCfg = Debug|Any CPU
		{B72D92F8-E933-4512-B87A-E51D18D3B859}.Debug|iPhoneSimulator.Build.0 = Debug|Any CPU
		{B72D92F8-E933-4512-B87A-E51D18D3B859}.Debug|x64.ActiveCfg = Debug|Any CPU
		{B72D92F8-E933-4512-B87A-E51D18D3B859}.Debug|x64.Build.0 = Debug|Any CPU
		{B72D92F8-E933-4512-B87A-E51D18D3B859}.Debug|x86.ActiveCfg = Debug|Any CPU
		{B72D92F8-E933-4512-B87A-E51D18D3B859}.Debug|x86.Build.0 = Debug|Any CPU
		{B72D92F8-E933-4512-B87A-E51D18D3B859}.Release|Any CPU.ActiveCfg = Release|Any CPU
		{B72D92F8-E933-4512-B87A-E51D18D3B859}.Release|Any CPU.Build.0 = Release|Any CPU
		{B72D92F8-E933-4512-B87A-E51D18D3B859}.Release|ARM.ActiveCfg = Release|Any CPU
		{B72D92F8-E933-4512-B87A-E51D18D3B859}.Release|ARM.Build.0 = Release|Any CPU
		{B72D92F8-E933-4512-B87A-E51D18D3B859}.Release|iPhone.ActiveCfg = Release|Any CPU
		{B72D92F8-E933-4512-B87A-E51D18D3B859}.Release|iPhone.Build.0 = Release|Any CPU
		{B72D92F8-E933-4512-B87A-E51D18D3B859}.Release|iPhoneSimulator.ActiveCfg = Release|Any CPU
		{B72D92F8-E933-4512-B87A-E51D18D3B859}.Release|iPhoneSimulator.Build.0 = Release|Any CPU
		{B72D92F8-E933-4512-B87A-E51D18D3B859}.Release|x64.ActiveCfg = Release|Any CPU
		{B72D92F8-E933-4512-B87A-E51D18D3B859}.Release|x64.Build.0 = Release|Any CPU
		{B72D92F8-E933-4512-B87A-E51D18D3B859}.Release|x86.ActiveCfg = Release|Any CPU
		{B72D92F8-E933-4512-B87A-E51D18D3B859}.Release|x86.Build.0 = Release|Any CPU
	EndGlobalSection
	GlobalSection(SolutionProperties) = preSolution
		HideSolutionNode = FALSE
	EndGlobalSection
	GlobalSection(ExtensibilityGlobals) = postSolution
		SolutionGuid = {8CD7C1C4-0FA2-4CBE-A213-DD0034F34A47}
	EndGlobalSection
EndGlobal
